
Microsoft Visual Studio Solution File, Format Version 12.00
# Visual Studio Version 17
VisualStudioVersion = 17.7.34024.191
MinimumVisualStudioVersion = 10.0.40219.1
Project("{FAE04EC0-301F-11D3-BF4B-00C04F79EFBC}") = "array5", "array5\array5.csproj", "{4216806A-3813-42F3-84BC-0CC5B092DD66}"
EndProject
Global
	GlobalSection(SolutionConfigurationPlatforms) = preSolution
		Debug|Any CPU = Debug|Any CPU
		Release|Any CPU = Release|Any CPU
	EndGlobalSection
	GlobalSection(ProjectConfigurationPlatforms) = postSolution
		{4216806A-3813-42F3-84BC-0CC5B092DD66}.Debug|Any CPU.ActiveCfg = Debug|Any CPU
		{4216806A-3813-42F3-84BC-0CC5B092DD66}.Debug|Any CPU.Build.0 = Debug|Any CPU
		{4216806A-3813-42F3-84BC-0CC5B092DD66}.Release|Any CPU.ActiveCfg = Release|Any CPU
		{4216806A-3813-42F3-84BC-0CC5B092DD66}.Release|Any CPU.Build.0 = Release|Any CPU
	EndGlobalSection
	GlobalSection(SolutionProperties) = preSolution
		HideSolutionNode = FALSE
	EndGlobalSection
	GlobalSection(ExtensibilityGlobals) = postSolution
		SolutionGuid = {3B57AE74-CD62-4D51-81CA-F830A65B0989}
	EndGlobalSection
EndGlobal
